{
  "name": "dreck",
  "version": "2.0.0",
  "lockfileVersion": 3,
  "requires": true,
  "packages": {
    "": {
      "name": "dreck",
      "version": "2.0.0",
      "license": "ISC",
      "dependencies": {
        "@dankolz/ei-css-grid": "^1.0.1",
        "@webhandle/drag-sortable-list": "^1.0.3",
        "@webhandle/initialize-webhandle-component": "^1.0.4",
        "add-callback-to-promise": "^1.0.1",
        "commingle": "^1.1.1",
        "ei-form-styles-1": "^1.0.4",
        "filter-log": "^1.0.13",
        "form-value-injector": "^1.0.6"
      },
      "devDependencies": {
        "@dankolz/in-memory-data-service": "^1.0.2"
      }
    },
    "node_modules/@dankolz/abstract-data-service": {
      "version": "1.0.3",
      "resolved": "https://registry.npmjs.org/@dankolz/abstract-data-service/-/abstract-data-service-1.0.3.tgz",
      "integrity": "sha512-GuBVF6HmKajoi0hdH8qIZfuxnxItrOTNjpSD2LB9FY8rx/InqvxsJ/GpYsujsNIGdR2cs2zZGEvvqTf5e9dxAA==",
      "dev": true,
      "license": "ISC",
      "dependencies": {
        "add-callback-to-promise": "^1.0.2",
        "filter-log": "^1.0.0"
      }
    },
    "node_modules/@dankolz/ei-css-grid": {
      "version": "1.0.1",
      "resolved": "https://registry.npmjs.org/@dankolz/ei-css-grid/-/ei-css-grid-1.0.1.tgz",
      "integrity": "sha512-tZzcktyCH2tE+Z79XPMfgTgk3I2acNew3YikTRazOvvRIMaDWNW82c2iY86RyEk98yWr2GnLcRUTiT47k9HNPQ==",
      "license": "ISC",
      "dependencies": {
        "@webhandle/initialize-webhandle-component": "^1.0.2"
      }
    },
    "node_modules/@dankolz/in-memory-data-service": {
      "version": "1.0.2",
      "resolved": "https://registry.npmjs.org/@dankolz/in-memory-data-service/-/in-memory-data-service-1.0.2.tgz",
      "integrity": "sha512-PGWE73da4WyTFPLTo0F9pCSailGYV3iiLtY+lITq0aN8IfkJOqJaF3FFzyPgO5m01Z1aBNpgmY1HEdxRG6gRBg==",
      "dev": true,
      "license": "ISC",
      "dependencies": {
        "@dankolz/abstract-data-service": "^1.0.3",
        "@webhandle/id-generator": "^1.0.3",
        "sift": "^17.1.3"
      }
    },
    "node_modules/@webhandle/backbone-view": {
      "version": "1.0.4",
      "resolved": "https://registry.npmjs.org/@webhandle/backbone-view/-/backbone-view-1.0.4.tgz",
      "integrity": "sha512-iUbnpCEEkEbGHWP48IeKjW29Xym6eXRtYPe0tnxjrOx6AwjbD962MHLiKYyDeFyngzdWiLMqOpOH3dQe0qxMnA==",
      "license": "ISC",
      "dependencies": {
        "@webhandle/initialize-webhandle-component": "^1.0.1"
      }
    },
    "node_modules/@webhandle/drag-sortable-list": {
      "version": "1.0.3",
      "resolved": "https://registry.npmjs.org/@webhandle/drag-sortable-list/-/drag-sortable-list-1.0.3.tgz",
      "integrity": "sha512-Ji3Ub0Vk5/X5AG5wqCvexCBwsYqVQmBSU3WSxwSRXXh2iTnEmp92vfd21bO9shPKKVCXGQ8JtVG9B0Me4c5zuQ==",
      "license": "ISC",
      "dependencies": {
        "@webhandle/backbone-view": "^1.0.2",
        "@webhandle/initialize-webhandle-component": "^1.0.4",
        "@webhandle/minimal-browser-event-emitter": "^1.0.4"
      }
    },
    "node_modules/@webhandle/id-generator": {
      "version": "1.0.6",
      "resolved": "https://registry.npmjs.org/@webhandle/id-generator/-/id-generator-1.0.6.tgz",
      "integrity": "sha512-11p3wOwJ7dlXWBfkYzUSUARMSZApr7OTHxW99gwL5D89bQ4I8Y76+TMpwKX3cJ8lHgysEb2Lvam+Aycjb5GZmg==",
      "dev": true,
      "license": "ISC"
    },
    "node_modules/@webhandle/initialize-webhandle-component": {
      "version": "1.0.4",
      "resolved": "https://registry.npmjs.org/@webhandle/initialize-webhandle-component/-/initialize-webhandle-component-1.0.4.tgz",
      "integrity": "sha512-4RMsta5TJ2kCTaqYFXQCJK/VIxmDvG5clxEowHb3NuqazhzNN00fCslmQOLQ0+TVfG3ls8YH4nLNhRmQ73fnGw==",
      "license": "ISC",
      "bin": {
        "create-initialize-webhandle-component-file": "create-initialize-webhandle-component-file.mjs"
      }
    },
    "node_modules/@webhandle/minimal-browser-event-emitter": {
      "version": "1.0.4",
      "resolved": "https://registry.npmjs.org/@webhandle/minimal-browser-event-emitter/-/minimal-browser-event-emitter-1.0.4.tgz",
      "integrity": "sha512-cH0puifJU0rBy7YI3Rh0akC//PKGLV45d+x9fpjVbJV9bKLyrFzKJp5Y0CswjlQFo4AXTdbpmdnCGpLgaI1i+Q==",
      "license": "ISC"
    },
    "node_modules/add-callback-to-promise": {
      "version": "1.0.2",
      "resolved": "https://registry.npmjs.org/add-callback-to-promise/-/add-callback-to-promise-1.0.2.tgz",
      "integrity": "sha512-jM4BNulaf59lZrT1laOyi1OQGpTEbshaywzoj8lMBzMhFU718AST/yW1qltHDAm46sZ/yJ3KXDp2xra1BYwcdA=="
    },
    "node_modules/commingle": {
      "version": "1.1.1",
      "resolved": "https://registry.npmjs.org/commingle/-/commingle-1.1.1.tgz",
      "integrity": "sha512-A2ZiI3ZzHvfWWTjiuLb/itQ+24ImOpTSv1HkSwGmXPsNCeOC9B5PnQfzzNO7IDP/1ONSvbwz3k+lW4GfuOz2vg==",
      "license": "Apache 2.0"
    },
    "node_modules/ei-form-styles-1": {
      "version": "1.0.4",
      "resolved": "https://registry.npmjs.org/ei-form-styles-1/-/ei-form-styles-1-1.0.4.tgz",
      "integrity": "sha512-070kklmgQyXO/QaC9y3z69tVgWQYupXwg+kJvPLaMsed8moGKloVLAy/R7WTi0Z0b21NfDFXaKf+iEzBFBlxDA==",
      "license": "ISC",
      "dependencies": {
        "@webhandle/initialize-webhandle-component": "^1.0.2"
      }
    },
    "node_modules/filter-log": {
      "version": "1.0.13",
      "resolved": "https://registry.npmjs.org/filter-log/-/filter-log-1.0.13.tgz",
      "integrity": "sha512-ruXDmy1zjRADn6sUFt4uR3xAjVeJtiFm9aJWOey+yk5wbrP8L+qCOT4EpNPz+iag3TGfX2fxDazwHAJ7lKGRww==",
      "license": "Apache-2.0",
      "dependencies": {
        "is-stream": "^1.1.0"
      }
    },
    "node_modules/form-value-injector": {
      "version": "1.0.6",
      "resolved": "https://registry.npmjs.org/form-value-injector/-/form-value-injector-1.0.6.tgz",
      "integrity": "sha512-o+7cby937KgtHuzO+o/MQKxzNloni23vTbLxUr/Y9xUKIVttBu7oY3tg40msPAN1h4HvjCVJA+94LhESB58fUQ==",
      "license": "ISC",
      "dependencies": {
        "input-value-injector": "^1.0.5",
        "select-value-injector": "^1.0.1",
        "textarea-value-injector": "^1.0.1"
      }
    },
    "node_modules/input-value-injector": {
      "version": "1.0.8",
      "resolved": "https://registry.npmjs.org/input-value-injector/-/input-value-injector-1.0.8.tgz",
      "integrity": "sha512-fZk0BxfT1yOF6PU0uGSLpZHxlIvV8+D8DKB/gtl3W3YUb+joPJO2NoGFnPLYaB/pTNL0v9v/zPLop5o5fRn4Rg==",
      "dependencies": {
        "moment": "^2.19.2"
      }
    },
    "node_modules/is-stream": {
      "version": "1.1.0",
      "resolved": "https://registry.npmjs.org/is-stream/-/is-stream-1.1.0.tgz",
      "integrity": "sha512-uQPm8kcs47jx38atAcWTVxyltQYoPT68y9aWYdV6yWXSyW8mzSat0TL6CiWdZeCdF3KrAvpVtnHbTv4RN+rqdQ==",
      "license": "MIT",
      "engines": {
        "node": ">=0.10.0"
      }
    },
    "node_modules/moment": {
      "version": "2.29.4",
      "resolved": "https://registry.npmjs.org/moment/-/moment-2.29.4.tgz",
      "integrity": "sha512-5LC9SOxjSc2HF6vO2CyuTDNivEdoz2IvyJJGj6X8DJ0eFyfszE0QiEd+iXmBvUP3WHxSjFH/vIsA0EN00cgr8w==",
      "engines": {
        "node": "*"
      }
    },
    "node_modules/select-value-injector": {
      "version": "1.0.4",
      "resolved": "https://registry.npmjs.org/select-value-injector/-/select-value-injector-1.0.4.tgz",
      "integrity": "sha512-CMEiP1vBSON5j1VImRl/v97Gh2o6vVv/pvopySA8PxceZDVznoNB3aG5p10qdAhLAtUwSJHdU4EiaL5z2Vkqwg==",
      "license": "ISC",
      "dependencies": {
        "value-injector-common": "^1.0.0"
      }
    },
    "node_modules/sift": {
      "version": "17.1.3",
      "resolved": "https://registry.npmjs.org/sift/-/sift-17.1.3.tgz",
      "integrity": "sha512-Rtlj66/b0ICeFzYTuNvX/EF1igRbbnGSvEyT79McoZa/DeGhMyC5pWKOEsZKnpkqtSeovd5FL/bjHWC3CIIvCQ==",
      "dev": true,
      "license": "MIT"
    },
    "node_modules/textarea-value-injector": {
      "version": "1.0.1",
      "resolved": "https://registry.npmjs.org/textarea-value-injector/-/textarea-value-injector-1.0.1.tgz",
      "integrity": "sha512-la+AT0IjrZRDhBiGj21atWl5IOpb2c+XA1P6TI0MbhrWuawgvbKTiI3WCBFh8lLW3XmrqrnROCX8rPA/Xw+/fg=="
    },
    "node_modules/value-injector-common": {
      "version": "1.0.1",
      "resolved": "https://registry.npmjs.org/value-injector-common/-/value-injector-common-1.0.1.tgz",
      "integrity": "sha512-6QQmPR1ADuZvkv6+VxcifCNEsE7SEFH7CW2XciFjo8KjRA9bq/xEZLyGgAc4zRTILf4dUCt5Ew+u8uHKzH6pSg==",
      "license": "ISC"
    }
  }
}
