{
  "name": "dreck",
  "version": "1.0.18",
  "lockfileVersion": 3,
  "requires": true,
  "packages": {
    "": {
      "name": "dreck",
      "version": "1.0.18",
      "license": "ISC",
      "dependencies": {
        "@dankolz/mongodb-data-service": "^1.0.3",
        "add-callback-to-promise": "^1.0.1",
        "commingle": "0.0.4",
        "filter-log": "^1.0.0",
        "form-value-injector": "^1.0.4",
        "input-value-injector": "^1.0.8",
        "underscore": "^1.13.6"
      }
    },
    "node_modules/@dankolz/abstract-data-service": {
      "version": "1.0.1",
      "resolved": "https://registry.npmjs.org/@dankolz/abstract-data-service/-/abstract-data-service-1.0.1.tgz",
      "integrity": "sha512-N+U70hgYsZyneCiVMiLpHAtGPpbqCPRO+dxmE1GoE2VjNSG9CLvO2TFqrT0v//MWOI/7VtzCZCj+4gx+Zwz7tA==",
      "dependencies": {
        "add-callback-to-promise": "^1.0.2",
        "filter-log": "^1.0.0"
      }
    },
    "node_modules/@dankolz/mongodb-data-service": {
      "version": "1.0.3",
      "resolved": "https://registry.npmjs.org/@dankolz/mongodb-data-service/-/mongodb-data-service-1.0.3.tgz",
      "integrity": "sha512-QkZvbMGgMnUQULudA2ChpMM9LCOUhNZcIS11BqhrsW1usjP1WgzTiB2/tMtwiMrlno5+sm8MUhjvUYhh3neqOw==",
      "dependencies": {
        "@dankolz/abstract-data-service": "^1.0.1",
        "add-callback-to-promise": "^1.0.2",
        "filter-log": "^1.0.0"
      }
    },
    "node_modules/add-callback-to-promise": {
      "version": "1.0.2",
      "resolved": "https://registry.npmjs.org/add-callback-to-promise/-/add-callback-to-promise-1.0.2.tgz",
      "integrity": "sha512-jM4BNulaf59lZrT1laOyi1OQGpTEbshaywzoj8lMBzMhFU718AST/yW1qltHDAm46sZ/yJ3KXDp2xra1BYwcdA=="
    },
    "node_modules/commingle": {
      "version": "0.0.4",
      "resolved": "https://registry.npmjs.org/commingle/-/commingle-0.0.4.tgz",
      "integrity": "sha512-v62aLOYYUIinu97ado8qVyy2YR+0C/xsi8KyPYY5LMwy53jqdXcVbIyyKJZRB5qDWA+1vkbOE3kurOr9UrTP2A=="
    },
    "node_modules/core-util-is": {
      "version": "1.0.2",
      "resolved": "https://registry.npmjs.org/core-util-is/-/core-util-is-1.0.2.tgz",
      "integrity": "sha1-tf1UIgqivFq1eqtxQMlAdUUDwac="
    },
    "node_modules/filter-log": {
      "version": "1.0.0",
      "resolved": "https://registry.npmjs.org/filter-log/-/filter-log-1.0.0.tgz",
      "integrity": "sha512-q2QoA9uzFrQEuE5y4ivhEqAxeQzVGeTpDajMVDaH9pHJ0xFuDSJqeaYQCaCCNQZvYsdOOzBmeb9fCDektG9Jmw==",
      "dependencies": {
        "is-stream": "^1.1.0",
        "JSONStream": "^1.3.1",
        "minimist": "^1.2.8",
        "through2": "^2.0.3",
        "tripartite": "^1.0.7",
        "underscore": "^1.8.3"
      },
      "bin": {
        "filter-log": "filter-log-command.js"
      }
    },
    "node_modules/form-value-injector": {
      "version": "1.0.4",
      "resolved": "https://registry.npmjs.org/form-value-injector/-/form-value-injector-1.0.4.tgz",
      "integrity": "sha512-X+0iI9WNaOGqlNzk9JEV31rO9ETm2EZoZeVFjwEj3erd8oixLLZs9odzkIrnRc/uLF3HQZHUL2QDD315KuyqOw==",
      "dependencies": {
        "input-value-injector": "^1.0.2",
        "select-value-injector": "^1.0.0",
        "textarea-value-injector": "^1.0.1"
      }
    },
    "node_modules/inherits": {
      "version": "2.0.3",
      "resolved": "https://registry.npmjs.org/inherits/-/inherits-2.0.3.tgz",
      "integrity": "sha1-Yzwsg+PaQqUC9SRmAiSA9CCCYd4="
    },
    "node_modules/input-value-injector": {
      "version": "1.0.8",
      "resolved": "https://registry.npmjs.org/input-value-injector/-/input-value-injector-1.0.8.tgz",
      "integrity": "sha512-fZk0BxfT1yOF6PU0uGSLpZHxlIvV8+D8DKB/gtl3W3YUb+joPJO2NoGFnPLYaB/pTNL0v9v/zPLop5o5fRn4Rg==",
      "dependencies": {
        "moment": "^2.19.2"
      }
    },
    "node_modules/is-stream": {
      "version": "1.1.0",
      "resolved": "https://registry.npmjs.org/is-stream/-/is-stream-1.1.0.tgz",
      "integrity": "sha1-EtSj3U5o4Lec6428hBc66A2RykQ=",
      "engines": {
        "node": ">=0.10.0"
      }
    },
    "node_modules/isarray": {
      "version": "1.0.0",
      "resolved": "https://registry.npmjs.org/isarray/-/isarray-1.0.0.tgz",
      "integrity": "sha1-u5NdSFgsuhaMBoNJV6VKPgcSTxE="
    },
    "node_modules/jsonparse": {
      "version": "1.3.1",
      "resolved": "https://registry.npmjs.org/jsonparse/-/jsonparse-1.3.1.tgz",
      "integrity": "sha1-P02uSpH6wxX3EGL4UhzCOfE2YoA=",
      "engines": [
        "node >= 0.2.0"
      ]
    },
    "node_modules/JSONStream": {
      "version": "1.3.2",
      "resolved": "https://registry.npmjs.org/JSONStream/-/JSONStream-1.3.2.tgz",
      "integrity": "sha1-wQI3G27Dp887hHygDCC7D85Mbeo=",
      "dependencies": {
        "jsonparse": "^1.2.0",
        "through": ">=2.2.7 <3"
      },
      "bin": {
        "JSONStream": "bin.js"
      },
      "engines": {
        "node": "*"
      }
    },
    "node_modules/minimist": {
      "version": "1.2.8",
      "resolved": "https://registry.npmjs.org/minimist/-/minimist-1.2.8.tgz",
      "integrity": "sha512-2yyAR8qBkN3YuheJanUpWC5U3bb5osDywNB8RzDVlDwDHbocAJveqqj1u8+SVD7jkWT4yvsHCpWqqWqAxb0zCA==",
      "funding": {
        "url": "https://github.com/sponsors/ljharb"
      }
    },
    "node_modules/moment": {
      "version": "2.29.4",
      "resolved": "https://registry.npmjs.org/moment/-/moment-2.29.4.tgz",
      "integrity": "sha512-5LC9SOxjSc2HF6vO2CyuTDNivEdoz2IvyJJGj6X8DJ0eFyfszE0QiEd+iXmBvUP3WHxSjFH/vIsA0EN00cgr8w==",
      "engines": {
        "node": "*"
      }
    },
    "node_modules/process-nextick-args": {
      "version": "2.0.0",
      "resolved": "https://registry.npmjs.org/process-nextick-args/-/process-nextick-args-2.0.0.tgz",
      "integrity": "sha512-MtEC1TqN0EU5nephaJ4rAtThHtC86dNN9qCuEhtshvpVBkAW5ZO7BASN9REnF9eoXGcRub+pFuKEpOHE+HbEMw=="
    },
    "node_modules/readable-stream": {
      "version": "2.3.6",
      "resolved": "https://registry.npmjs.org/readable-stream/-/readable-stream-2.3.6.tgz",
      "integrity": "sha512-tQtKA9WIAhBF3+VLAseyMqZeBjW0AHJoxOtYqSUZNJxauErmLbVm2FW1y+J/YA9dUrAC39ITejlZWhVIwawkKw==",
      "dependencies": {
        "core-util-is": "~1.0.0",
        "inherits": "~2.0.3",
        "isarray": "~1.0.0",
        "process-nextick-args": "~2.0.0",
        "safe-buffer": "~5.1.1",
        "string_decoder": "~1.1.1",
        "util-deprecate": "~1.0.1"
      }
    },
    "node_modules/safe-buffer": {
      "version": "5.1.2",
      "resolved": "https://registry.npmjs.org/safe-buffer/-/safe-buffer-5.1.2.tgz",
      "integrity": "sha512-Gd2UZBJDkXlY7GbJxfsE8/nvKkUEU1G38c1siN6QP6a9PT9MmHB8GnpscSmMJSoF8LOIrt8ud/wPtojys4G6+g=="
    },
    "node_modules/select-value-injector": {
      "version": "1.0.0",
      "resolved": "https://registry.npmjs.org/select-value-injector/-/select-value-injector-1.0.0.tgz",
      "integrity": "sha512-td8R/yzOTlilOVtlwiLJeEemWYe/uk3iLPQynxKXaZnsnGqvAy5I0GvSaVbjKg7iaXys+ugMI9zbRhiZ0oAICA=="
    },
    "node_modules/string_decoder": {
      "version": "1.1.1",
      "resolved": "https://registry.npmjs.org/string_decoder/-/string_decoder-1.1.1.tgz",
      "integrity": "sha512-n/ShnvDi6FHbbVfviro+WojiFzv+s8MPMHBczVePfUpDJLwoLT0ht1l4YwBCbi8pJAveEEdnkHyPyTP/mzRfwg==",
      "dependencies": {
        "safe-buffer": "~5.1.0"
      }
    },
    "node_modules/textarea-value-injector": {
      "version": "1.0.1",
      "resolved": "https://registry.npmjs.org/textarea-value-injector/-/textarea-value-injector-1.0.1.tgz",
      "integrity": "sha512-la+AT0IjrZRDhBiGj21atWl5IOpb2c+XA1P6TI0MbhrWuawgvbKTiI3WCBFh8lLW3XmrqrnROCX8rPA/Xw+/fg=="
    },
    "node_modules/through": {
      "version": "2.3.8",
      "resolved": "https://registry.npmjs.org/through/-/through-2.3.8.tgz",
      "integrity": "sha1-DdTJ/6q8NXlgsbckEV1+Doai4fU="
    },
    "node_modules/through2": {
      "version": "2.0.3",
      "resolved": "https://registry.npmjs.org/through2/-/through2-2.0.3.tgz",
      "integrity": "sha1-AARWmzfHx0ujnEPzzteNGtlBQL4=",
      "dependencies": {
        "readable-stream": "^2.1.5",
        "xtend": "~4.0.1"
      }
    },
    "node_modules/tripartite": {
      "version": "1.0.13",
      "resolved": "https://registry.npmjs.org/tripartite/-/tripartite-1.0.13.tgz",
      "integrity": "sha512-qnlVi2F49Zun/RvVYjmASUg+cCwmYgAMFQ+rRMx09iGgUHLOcVFzzexv7zpTDONeSIaGoDeLYHVfmAgANdxNSQ=="
    },
    "node_modules/underscore": {
      "version": "1.13.6",
      "resolved": "https://registry.npmjs.org/underscore/-/underscore-1.13.6.tgz",
      "integrity": "sha512-+A5Sja4HP1M08MaXya7p5LvjuM7K6q/2EaC0+iovj/wOcMsTzMvDFbasi/oSapiwOlt252IqsKqPjCl7huKS0A=="
    },
    "node_modules/util-deprecate": {
      "version": "1.0.2",
      "resolved": "https://registry.npmjs.org/util-deprecate/-/util-deprecate-1.0.2.tgz",
      "integrity": "sha1-RQ1Nyfpw3nMnYvvS1KKJgUGaDM8="
    },
    "node_modules/xtend": {
      "version": "4.0.1",
      "resolved": "https://registry.npmjs.org/xtend/-/xtend-4.0.1.tgz",
      "integrity": "sha1-pcbVMr5lbiPbgg77lDofBJmNY68=",
      "engines": {
        "node": ">=0.4"
      }
    }
  }
}
